{
  "name": "oracle",
  "version": "0.1.0",
  "lockfileVersion": 1,
  "requires": true,
  "dependencies": {
    "oracledb": {
      "version": "3.1.1",
      "resolved": "https://registry.npmjs.org/oracledb/-/oracledb-3.1.1.tgz",
      "integrity": "sha512-NqXMg+5QDdpjA93uQPskVKC4oyXMhBh5Q2THzmEmiZm5ywa5zCUX11ZItZbE4HTXRUXU5M0OX6tO0w3HvyYaEw=="
    }
  }
}
